{
  "name": "fuck-yeah-draft",
  "version": "1.0.0",
  "lockfileVersion": 3,
  "requires": true,
  "packages": {
    "": {
      "name": "fuck-yeah-draft",
      "version": "1.0.0",
      "dependencies": {
        "leaflet": "^1.9.4",
        "vue-leaflet": "^0.1.0"
      }
    },
    "node_modules/leaflet": {
      "version": "1.9.4",
      "resolved": "https://registry.npmjs.org/leaflet/-/leaflet-1.9.4.tgz",
      "integrity": "sha512-nxS1ynzJOmOlHp+iL3FyWqK89GtNL8U8rvlMOsQdTTssxZwCXh8N2NB3GDQOL+YR3XnWyZAxwQixURb+FA74PA=="
    },
    "node_modules/vue-leaflet": {
      "version": "0.1.0",
      "resolved": "https://registry.npmjs.org/vue-leaflet/-/vue-leaflet-0.1.0.tgz",
      "integrity": "sha512-J2QxmQSbmnpM/Ng+C8vxowXcWp/IEe99r87psHyWYpBz2nbxkQAeYXW7WFcgzV4O7d7Vm4a1GcqKzrU9DeDpBA=="
    }
  }
}
